
Microsoft Visual Studio Solution File, Format Version 12.00
# Visual Studio 15
VisualStudioVersion = 15.0.27130.2027
MinimumVisualStudioVersion = 10.0.40219.1
Project("{FAE04EC0-301F-11D3-BF4B-00C04F79EFBC}") = "SenseNetCloud", "SenseNetCloud\SenseNetCloud.csproj", "{12CF5ECE-0D78-4AEF-AA91-450F55B9EE11}"
EndProject
Global
	GlobalSection(SolutionConfigurationPlatforms) = preSolution
		Debug|Any CPU = Debug|Any CPU
		Release|Any CPU = Release|Any CPU
	EndGlobalSection
	GlobalSection(ProjectConfigurationPlatforms) = postSolution
		{12CF5ECE-0D78-4AEF-AA91-450F55B9EE11}.Debug|Any CPU.ActiveCfg = Debug|Any CPU
		{12CF5ECE-0D78-4AEF-AA91-450F55B9EE11}.Debug|Any CPU.Build.0 = Debug|Any CPU
		{12CF5ECE-0D78-4AEF-AA91-450F55B9EE11}.Release|Any CPU.ActiveCfg = Release|Any CPU
		{12CF5ECE-0D78-4AEF-AA91-450F55B9EE11}.Release|Any CPU.Build.0 = Release|Any CPU
	EndGlobalSection
	GlobalSection(SolutionProperties) = preSolution
		HideSolutionNode = FALSE
	EndGlobalSection
	GlobalSection(ExtensibilityGlobals) = postSolution
		SolutionGuid = {EA019A5C-CA6D-47E7-986B-60F4D978139E}
	EndGlobalSection
EndGlobal
